// !$*UTF8*$!
{
	archiveVersion = 1;
	classes = {
	};
	objectVersion = 48;
	objects = {

/* Begin PBXBuildFile section */
		2E50E1E62047953B006EE9B3 /* AppDelegate.swift in Sources */ = {isa = PBXBuildFile; fileRef = 2E50E1E52047953B006EE9B3 /* AppDelegate.swift */; };
		2E50E1E82047953B006EE9B3 /* ViewController.swift in Sources */ = {isa = PBXBuildFile; fileRef = 2E50E1E72047953B006EE9B3 /* ViewController.swift */; };
		2E50E1EB2047953B006EE9B3 /* Main.storyboard in Resources */ = {isa = PBXBuildFile; fileRef = 2E50E1E92047953B006EE9B3 /* Main.storyboard */; };
		2E50E1ED2047953C006EE9B3 /* Assets.xcassets in Resources */ = {isa = PBXBuildFile; fileRef = 2E50E1EC2047953B006EE9B3 /* Assets.xcassets */; };
		2E50E1F02047953C006EE9B3 /* LaunchScreen.storyboard in Resources */ = {isa = PBXBuildFile; fileRef = 2E50E1EE2047953C006EE9B3 /* LaunchScreen.storyboard */; };
		2E50E1FB2047953C006EE9B3 /* Scheduler_and_Grade_CalcTests.swift in Sources */ = {isa = PBXBuildFile; fileRef = 2E50E1FA2047953C006EE9B3 /* Scheduler_and_Grade_CalcTests.swift */; };
		2E8AC2CB204CE46200227FE1 /* PlannerTableViewCell.swift in Sources */ = {isa = PBXBuildFile; fileRef = 2E8AC2CA204CE46200227FE1 /* PlannerTableViewCell.swift */; };
		2E8AC2CD204CE71100227FE1 /* PlannerTableViewController.swift in Sources */ = {isa = PBXBuildFile; fileRef = 2E8AC2CC204CE71100227FE1 /* PlannerTableViewController.swift */; };
		2E8AC2CF204CE7AE00227FE1 /* Event.swift in Sources */ = {isa = PBXBuildFile; fileRef = 2E8AC2CE204CE7AE00227FE1 /* Event.swift */; };
		2E9A2A9C204B9E090068555B /* CalcViewController.swift in Sources */ = {isa = PBXBuildFile; fileRef = 2E9A2A9B204B9E090068555B /* CalcViewController.swift */; };
/* End PBXBuildFile section */

/* Begin PBXContainerItemProxy section */
		2E50E1F72047953C006EE9B3 /* PBXContainerItemProxy */ = {
			isa = PBXContainerItemProxy;
			containerPortal = 2E50E1DA2047953B006EE9B3 /* Project object */;
			proxyType = 1;
			remoteGlobalIDString = 2E50E1E12047953B006EE9B3;
			remoteInfo = "Scheduler and Grade Calc";
		};
/* End PBXContainerItemProxy section */

/* Begin PBXFileReference section */
		2E50E1E22047953B006EE9B3 /* Scheduler and Grade Calc.app */ = {isa = PBXFileReference; explicitFileType = wrapper.application; includeInIndex = 0; path = "Scheduler and Grade Calc.app"; sourceTree = BUILT_PRODUCTS_DIR; };
		2E50E1E52047953B006EE9B3 /* AppDelegate.swift */ = {isa = PBXFileReference; lastKnownFileType = sourcecode.swift; path = AppDelegate.swift; sourceTree = "<group>"; };
		2E50E1E72047953B006EE9B3 /* ViewController.swift */ = {isa = PBXFileReference; lastKnownFileType = sourcecode.swift; path = ViewController.swift; sourceTree = "<group>"; };
		2E50E1EA2047953B006EE9B3 /* Base */ = {isa = PBXFileReference; lastKnownFileType = file.storyboard; name = Base; path = Base.lproj/Main.storyboard; sourceTree = "<group>"; };
		2E50E1EC2047953B006EE9B3 /* Assets.xcassets */ = {isa = PBXFileReference; lastKnownFileType = folder.assetcatalog; path = Assets.xcassets; sourceTree = "<group>"; };
		2E50E1EF2047953C006EE9B3 /* Base */ = {isa = PBXFileReference; lastKnownFileType = file.storyboard; name = Base; path = Base.lproj/LaunchScreen.storyboard; sourceTree = "<group>"; };
		2E50E1F12047953C006EE9B3 /* Info.plist */ = {isa = PBXFileReference; lastKnownFileType = text.plist.xml; path = Info.plist; sourceTree = "<group>"; };
		2E50E1F62047953C006EE9B3 /* Scheduler and Grade CalcTests.xctest */ = {isa = PBXFileReference; explicitFileType = wrapper.cfbundle; includeInIndex = 0; path = "Scheduler and Grade CalcTests.xctest"; sourceTree = BUILT_PRODUCTS_DIR; };
		2E50E1FA2047953C006EE9B3 /* Scheduler_and_Grade_CalcTests.swift */ = {isa = PBXFileReference; lastKnownFileType = sourcecode.swift; path = Scheduler_and_Grade_CalcTests.swift; sourceTree = "<group>"; };
		2E50E1FC2047953C006EE9B3 /* Info.plist */ = {isa = PBXFileReference; lastKnownFileType = text.plist.xml; path = Info.plist; sourceTree = "<group>"; };
		2E8AC2CA204CE46200227FE1 /* PlannerTableViewCell.swift */ = {isa = PBXFileReference; lastKnownFileType = sourcecode.swift; path = PlannerTableViewCell.swift; sourceTree = "<group>"; };
		2E8AC2CC204CE71100227FE1 /* PlannerTableViewController.swift */ = {isa = PBXFileReference; lastKnownFileType = sourcecode.swift; path = PlannerTableViewController.swift; sourceTree = "<group>"; };
		2E8AC2CE204CE7AE00227FE1 /* Event.swift */ = {isa = PBXFileReference; lastKnownFileType = sourcecode.swift; path = Event.swift; sourceTree = "<group>"; };
		2E9A2A9B204B9E090068555B /* CalcViewController.swift */ = {isa = PBXFileReference; lastKnownFileType = sourcecode.swift; path = CalcViewController.swift; sourceTree = "<group>"; };
/* End PBXFileReference section */

/* Begin PBXFrameworksBuildPhase section */
		2E50E1DF2047953B006EE9B3 /* Frameworks */ = {
			isa = PBXFrameworksBuildPhase;
			buildActionMask = 2147483647;
			files = (
			);
			runOnlyForDeploymentPostprocessing = 0;
		};
		2E50E1F32047953C006EE9B3 /* Frameworks */ = {
			isa = PBXFrameworksBuildPhase;
			buildActionMask = 2147483647;
			files = (
			);
			runOnlyForDeploymentPostprocessing = 0;
		};
/* End PBXFrameworksBuildPhase section */

/* Begin PBXGroup section */
		2E50E1D92047953B006EE9B3 = {
			isa = PBXGroup;
			children = (
				2E50E1E42047953B006EE9B3 /* Scheduler and Grade Calc */,
				2E50E1F92047953C006EE9B3 /* Scheduler and Grade CalcTests */,
				2E50E1E32047953B006EE9B3 /* Products */,
			);
			sourceTree = "<group>";
		};
		2E50E1E32047953B006EE9B3 /* Products */ = {
			isa = PBXGroup;
			children = (
				2E50E1E22047953B006EE9B3 /* Scheduler and Grade Calc.app */,
				2E50E1F62047953C006EE9B3 /* Scheduler and Grade CalcTests.xctest */,
			);
			name = Products;
			sourceTree = "<group>";
		};
		2E50E1E42047953B006EE9B3 /* Scheduler and Grade Calc */ = {
			isa = PBXGroup;
			children = (
				2E50E1E52047953B006EE9B3 /* AppDelegate.swift */,
				2E50E1E72047953B006EE9B3 /* ViewController.swift */,
				2E8AC2CE204CE7AE00227FE1 /* Event.swift */,
				2E8AC2CA204CE46200227FE1 /* PlannerTableViewCell.swift */,
				2E8AC2CC204CE71100227FE1 /* PlannerTableViewController.swift */,
				2E9A2A9B204B9E090068555B /* CalcViewController.swift */,
				2E50E1E92047953B006EE9B3 /* Main.storyboard */,
				2E50E1EC2047953B006EE9B3 /* Assets.xcassets */,
				2E50E1EE2047953C006EE9B3 /* LaunchScreen.storyboard */,
				2E50E1F12047953C006EE9B3 /* Info.plist */,
			);
			path = "Scheduler and Grade Calc";
			sourceTree = "<group>";
		};
		2E50E1F92047953C006EE9B3 /* Scheduler and Grade CalcTests */ = {
			isa = PBXGroup;
			children = (
				2E50E1FA2047953C006EE9B3 /* Scheduler_and_Grade_CalcTests.swift */,
				2E50E1FC2047953C006EE9B3 /* Info.plist */,
			);
			path = "Scheduler and Grade CalcTests";
			sourceTree = "<group>";
		};
/* End PBXGroup section */

/* Begin PBXNativeTarget section */
		2E50E1E12047953B006EE9B3 /* Scheduler and Grade Calc */ = {
			isa = PBXNativeTarget;
			buildConfigurationList = 2E50E1FF2047953C006EE9B3 /* Build configuration list for PBXNativeTarget "Scheduler and Grade Calc" */;
			buildPhases = (
				2E50E1DE2047953B006EE9B3 /* Sources */,
				2E50E1DF2047953B006EE9B3 /* Frameworks */,
				2E50E1E02047953B006EE9B3 /* Resources */,
			);
			buildRules = (
			);
			dependencies = (
			);
			name = "Scheduler and Grade Calc";
			productName = "Scheduler and Grade Calc";
			productReference = 2E50E1E22047953B006EE9B3 /* Scheduler and Grade Calc.app */;
			productType = "com.apple.product-type.application";
		};
		2E50E1F52047953C006EE9B3 /* Scheduler and Grade CalcTests */ = {
			isa = PBXNativeTarget;
			buildConfigurationList = 2E50E2022047953C006EE9B3 /* Build configuration list for PBXNativeTarget "Scheduler and Grade CalcTests" */;
			buildPhases = (
				2E50E1F22047953C006EE9B3 /* Sources */,
				2E50E1F32047953C006EE9B3 /* Frameworks */,
				2E50E1F42047953C006EE9B3 /* Resources */,
			);
			buildRules = (
			);
			dependencies = (
				2E50E1F82047953C006EE9B3 /* PBXTargetDependency */,
			);
			name = "Scheduler and Grade CalcTests";
			productName = "Scheduler and Grade CalcTests";
			productReference = 2E50E1F62047953C006EE9B3 /* Scheduler and Grade CalcTests.xctest */;
			productType = "com.apple.product-type.bundle.unit-test";
		};
/* End PBXNativeTarget section */

/* Begin PBXProject section */
		2E50E1DA2047953B006EE9B3 /* Project object */ = {
			isa = PBXProject;
			attributes = {
				LastSwiftUpdateCheck = 0920;
				LastUpgradeCheck = 0920;
				ORGANIZATIONNAME = "Huanyou Wei";
				TargetAttributes = {
					2E50E1E12047953B006EE9B3 = {
						CreatedOnToolsVersion = 9.2;
						ProvisioningStyle = Automatic;
					};
					2E50E1F52047953C006EE9B3 = {
						CreatedOnToolsVersion = 9.2;
						ProvisioningStyle = Automatic;
						TestTargetID = 2E50E1E12047953B006EE9B3;
					};
				};
			};
			buildConfigurationList = 2E50E1DD2047953B006EE9B3 /* Build configuration list for PBXProject "Scheduler and Grade Calc" */;
			compatibilityVersion = "Xcode 8.0";
			developmentRegion = en;
			hasScannedForEncodings = 0;
			knownRegions = (
				en,
				Base,
			);
			mainGroup = 2E50E1D92047953B006EE9B3;
			productRefGroup = 2E50E1E32047953B006EE9B3 /* Products */;
			projectDirPath = "";
			projectRoot = "";
			targets = (
				2E50E1E12047953B006EE9B3 /* Scheduler and Grade Calc */,
				2E50E1F52047953C006EE9B3 /* Scheduler and Grade CalcTests */,
			);
		};
/* End PBXProject section */

/* Begin PBXResourcesBuildPhase section */
		2E50E1E02047953B006EE9B3 /* Resources */ = {
			isa = PBXResourcesBuildPhase;
			buildActionMask = 2147483647;
			files = (
				2E50E1F02047953C006EE9B3 /* LaunchScreen.storyboard in Resources */,
				2E50E1ED2047953C006EE9B3 /* Assets.xcassets in Resources */,
				2E50E1EB2047953B006EE9B3 /* Main.storyboard in Resources */,
			);
			runOnlyForDeploymentPostprocessing = 0;
		};
		2E50E1F42047953C006EE9B3 /* Resources */ = {
			isa = PBXResourcesBuildPhase;
			buildActionMask = 2147483647;
			files = (
			);
			runOnlyForDeploymentPostprocessing = 0;
		};
/* End PBXResourcesBuildPhase section */

/* Begin PBXSourcesBuildPhase section */
		2E50E1DE2047953B006EE9B3 /* Sources */ = {
			isa = PBXSourcesBuildPhase;
			buildActionMask = 2147483647;
			files = (
				2E8AC2CB204CE46200227FE1 /* PlannerTableViewCell.swift in Sources */,
				2E9A2A9C204B9E090068555B /* CalcViewController.swift in Sources */,
				2E8AC2CD204CE71100227FE1 /* PlannerTableViewController.swift in Sources */,
				2E50E1E82047953B006EE9B3 /* ViewController.swift in Sources */,
				2E8AC2CF204CE7AE00227FE1 /* Event.swift in Sources */,
				2E50E1E62047953B006EE9B3 /* AppDelegate.swift in Sources */,
			);
			runOnlyForDeploymentPostprocessing = 0;
		};
		2E50E1F22047953C006EE9B3 /* Sources */ = {
			isa = PBXSourcesBuildPhase;
			buildActionMask = 2147483647;
			files = (
				2E50E1FB2047953C006EE9B3 /* Scheduler_and_Grade_CalcTests.swift in Sources */,
			);
			runOnlyForDeploymentPostprocessing = 0;
		};
/* End PBXSourcesBuildPhase section */

/* Begin PBXTargetDependency section */
		2E50E1F82047953C006EE9B3 /* PBXTargetDependency */ = {
			isa = PBXTargetDependency;
			target = 2E50E1E12047953B006EE9B3 /* Scheduler and Grade Calc */;
			targetProxy = 2E50E1F72047953C006EE9B3 /* PBXContainerItemProxy */;
		};
/* End PBXTargetDependency section */

/* Begin PBXVariantGroup section */
		2E50E1E92047953B006EE9B3 /* Main.storyboard */ = {
			isa = PBXVariantGroup;
			children = (
				2E50E1EA2047953B006EE9B3 /* Base */,
			);
			name = Main.storyboard;
			sourceTree = "<group>";
		};
		2E50E1EE2047953C006EE9B3 /* LaunchScreen.storyboard */ = {
			isa = PBXVariantGroup;
			children = (
				2E50E1EF2047953C006EE9B3 /* Base */,
			);
			name = LaunchScreen.storyboard;
			sourceTree = "<group>";
		};
/* End PBXVariantGroup section */

/* Begin XCBuildConfiguration section */
		2E50E1FD2047953C006EE9B3 /* Debug */ = {
			isa = XCBuildConfiguration;
			buildSettings = {
				ALWAYS_SEARCH_USER_PATHS = NO;
				CLANG_ANALYZER_NONNULL = YES;
				CLANG_ANALYZER_NUMBER_OBJECT_CONVERSION = YES_AGGRESSIVE;
				CLANG_CXX_LANGUAGE_STANDARD = "gnu++14";
				CLANG_CXX_LIBRARY = "libc++";
				CLANG_ENABLE_MODULES = YES;
				CLANG_ENABLE_OBJC_ARC = YES;
				CLANG_WARN_BLOCK_CAPTURE_AUTORELEASING = YES;
				CLANG_WARN_BOOL_CONVERSION = YES;
				CLANG_WARN_COMMA = YES;
				CLANG_WARN_CONSTANT_CONVERSION = YES;
				CLANG_WARN_DIRECT_OBJC_ISA_USAGE = YES_ERROR;
				CLANG_WARN_DOCUMENTATION_COMMENTS = YES;
				CLANG_WARN_EMPTY_BODY = YES;
				CLANG_WARN_ENUM_CONVERSION = YES;
				CLANG_WARN_INFINITE_RECURSION = YES;
				CLANG_WARN_INT_CONVERSION = YES;
				CLANG_WARN_NON_LITERAL_NULL_CONVERSION = YES;
				CLANG_WARN_OBJC_LITERAL_CONVERSION = YES;
				CLANG_WARN_OBJC_ROOT_CLASS = YES_ERROR;
				CLANG_WARN_RANGE_LOOP_ANALYSIS = YES;
				CLANG_WARN_STRICT_PROTOTYPES = YES;
				CLANG_WARN_SUSPICIOUS_MOVE = YES;
				CLANG_WARN_UNGUARDED_AVAILABILITY = YES_AGGRESSIVE;
				CLANG_WARN_UNREACHABLE_CODE = YES;
				CLANG_WARN__DUPLICATE_METHOD_MATCH = YES;
				CODE_SIGN_IDENTITY = "iPhone Developer";
				COPY_PHASE_STRIP = NO;
				DEBUG_INFORMATION_FORMAT = dwarf;
				ENABLE_STRICT_OBJC_MSGSEND = YES;
				ENABLE_TESTABILITY = YES;
				GCC_C_LANGUAGE_STANDARD = gnu11;
				GCC_DYNAMIC_NO_PIC = NO;
				GCC_NO_COMMON_BLOCKS = YES;
				GCC_OPTIMIZATION_LEVEL = 0;
				GCC_PREPROCESSOR_DEFINITIONS = (
					"DEBUG=1",
					"$(inherited)",
				);
				GCC_WARN_64_TO_32_BIT_CONVERSION = YES;
				GCC_WARN_ABOUT_RETURN_TYPE = YES_ERROR;
				GCC_WARN_UNDECLARED_SELECTOR = YES;
				GCC_WARN_UNINITIALIZED_AUTOS = YES_AGGRESSIVE;
				GCC_WARN_UNUSED_FUNCTION = YES;
				GCC_WARN_UNUSED_VARIABLE = YES;
				IPHONEOS_DEPLOYMENT_TARGET = 11.2;
				MTL_ENABLE_DEBUG_INFO = YES;
				ONLY_ACTIVE_ARCH = YES;
				SDKROOT = iphoneos;
				SWIFT_ACTIVE_COMPILATION_CONDITIONS = DEBUG;
				SWIFT_OPTIMIZATION_LEVEL = "-Onone";
			};
			name = Debug;
		};
		2E50E1FE2047953C006EE9B3 /* Release */ = {
			isa = XCBuildConfiguration;
			buildSettings = {
				ALWAYS_SEARCH_USER_PATHS = NO;
				CLANG_ANALYZER_NONNULL = YES;
				CLANG_ANALYZER_NUMBER_OBJECT_CONVERSION = YES_AGGRESSIVE;
				CLANG_CXX_LANGUAGE_STANDARD = "gnu++14";
				CLANG_CXX_LIBRARY = "libc++";
				CLANG_ENABLE_MODULES = YES;
				CLANG_ENABLE_OBJC_ARC = YES;
				CLANG_WARN_BLOCK_CAPTURE_AUTORELEASING = YES;
				CLANG_WARN_BOOL_CONVERSION = YES;
				CLANG_WARN_COMMA = YES;
				CLANG_WARN_CONSTANT_CONVERSION = YES;
				CLANG_WARN_DIRECT_OBJC_ISA_USAGE = YES_ERROR;
				CLANG_WARN_DOCUMENTATION_COMMENTS = YES;
				CLANG_WARN_EMPTY_BODY = YES;
				CLANG_WARN_ENUM_CONVERSION = YES;
				CLANG_WARN_INFINITE_RECURSION = YES;
				CLANG_WARN_INT_CONVERSION = YES;
				CLANG_WARN_NON_LITERAL_NULL_CONVERSION = YES;
				CLANG_WARN_OBJC_LITERAL_CONVERSION = YES;
				CLANG_WARN_OBJC_ROOT_CLASS = YES_ERROR;
				CLANG_WARN_RANGE_LOOP_ANALYSIS = YES;
				CLANG_WARN_STRICT_PROTOTYPES = YES;
				CLANG_WARN_SUSPICIOUS_MOVE = YES;
				CLANG_WARN_UNGUARDED_AVAILABILITY = YES_AGGRESSIVE;
				CLANG_WARN_UNREACHABLE_CODE = YES;
				CLANG_WARN__DUPLICATE_METHOD_MATCH = YES;
				CODE_SIGN_IDENTITY = "iPhone Developer";
				COPY_PHASE_STRIP = NO;
				DEBUG_INFORMATION_FORMAT = "dwarf-with-dsym";
				ENABLE_NS_ASSERTIONS = NO;
				ENABLE_STRICT_OBJC_MSGSEND = YES;
				GCC_C_LANGUAGE_STANDARD = gnu11;
				GCC_NO_COMMON_BLOCKS = YES;
				GCC_WARN_64_TO_32_BIT_CONVERSION = YES;
				GCC_WARN_ABOUT_RETURN_TYPE = YES_ERROR;
				GCC_WARN_UNDECLARED_SELECTOR = YES;
				GCC_WARN_UNINITIALIZED_AUTOS = YES_AGGRESSIVE;
				GCC_WARN_UNUSED_FUNCTION = YES;
				GCC_WARN_UNUSED_VARIABLE = YES;
				IPHONEOS_DEPLOYMENT_TARGET = 11.2;
				MTL_ENABLE_DEBUG_INFO = NO;
				SDKROOT = iphoneos;
				SWIFT_OPTIMIZATION_LEVEL = "-Owholemodule";
				VALIDATE_PRODUCT = YES;
			};
			name = Release;
		};
		2E50E2002047953C006EE9B3 /* Debug */ = {
			isa = XCBuildConfiguration;
			buildSettings = {
				ASSETCATALOG_COMPILER_APPICON_NAME = AppIcon;
				CODE_SIGN_STYLE = Automatic;
				INFOPLIST_FILE = "Scheduler and Grade Calc/Info.plist";
				LD_RUNPATH_SEARCH_PATHS = "$(inherited) @executable_path/Frameworks";
				PRODUCT_BUNDLE_IDENTIFIER = "com.example.Scheduler-and-Grade-Calc";
				PRODUCT_NAME = "$(TARGET_NAME)";
				SWIFT_VERSION = 4.0;
				TARGETED_DEVICE_FAMILY = "1,2";
			};
			name = Debug;
		};
		2E50E2012047953C006EE9B3 /* Release */ = {
			isa = XCBuildConfiguration;
			buildSettings = {
				ASSETCATALOG_COMPILER_APPICON_NAME = AppIcon;
				CODE_SIGN_STYLE = Automatic;
				INFOPLIST_FILE = "Scheduler and Grade Calc/Info.plist";
				LD_RUNPATH_SEARCH_PATHS = "$(inherited) @executable_path/Frameworks";
				PRODUCT_BUNDLE_IDENTIFIER = "com.example.Scheduler-and-Grade-Calc";
				PRODUCT_NAME = "$(TARGET_NAME)";
				SWIFT_VERSION = 4.0;
				TARGETED_DEVICE_FAMILY = "1,2";
			};
			name = Release;
		};
		2E50E2032047953C006EE9B3 /* Debug */ = {
			isa = XCBuildConfiguration;
			buildSettings = {
				ALWAYS_EMBED_SWIFT_STANDARD_LIBRARIES = YES;
				BUNDLE_LOADER = "$(TEST_HOST)";
				CODE_SIGN_STYLE = Automatic;
				INFOPLIST_FILE = "Scheduler and Grade CalcTests/Info.plist";
				LD_RUNPATH_SEARCH_PATHS = "$(inherited) @executable_path/Frameworks @loader_path/Frameworks";
				PRODUCT_BUNDLE_IDENTIFIER = "com.example.Scheduler-and-Grade-CalcTests";
				PRODUCT_NAME = "$(TARGET_NAME)";
				SWIFT_VERSION = 4.0;
				TARGETED_DEVICE_FAMILY = "1,2";
				TEST_HOST = "$(BUILT_PRODUCTS_DIR)/Scheduler and Grade Calc.app/Scheduler and Grade Calc";
			};
			name = Debug;
		};
		2E50E2042047953C006EE9B3 /* Release */ = {
			isa = XCBuildConfiguration;
			buildSettings = {
				ALWAYS_EMBED_SWIFT_STANDARD_LIBRARIES = YES;
				BUNDLE_LOADER = "$(TEST_HOST)";
				CODE_SIGN_STYLE = Automatic;
				INFOPLIST_FILE = "Scheduler and Grade CalcTests/Info.plist";
				LD_RUNPATH_SEARCH_PATHS = "$(inherited) @executable_path/Frameworks @loader_path/Frameworks";
				PRODUCT_BUNDLE_IDENTIFIER = "com.example.Scheduler-and-Grade-CalcTests";
				PRODUCT_NAME = "$(TARGET_NAME)";
				SWIFT_VERSION = 4.0;
				TARGETED_DEVICE_FAMILY = "1,2";
				TEST_HOST = "$(BUILT_PRODUCTS_DIR)/Scheduler and Grade Calc.app/Scheduler and Grade Calc";
			};
			name = Release;
		};
/* End XCBuildConfiguration section */

/* Begin XCConfigurationList section */
		2E50E1DD2047953B006EE9B3 /* Build configuration list for PBXProject "Scheduler and Grade Calc" */ = {
			isa = XCConfigurationList;
			buildConfigurations = (
				2E50E1FD2047953C006EE9B3 /* Debug */,
				2E50E1FE2047953C006EE9B3 /* Release */,
			);
			defaultConfigurationIsVisible = 0;
			defaultConfigurationName = Release;
		};
		2E50E1FF2047953C006EE9B3 /* Build configuration list for PBXNativeTarget "Scheduler and Grade Calc" */ = {
			isa = XCConfigurationList;
			buildConfigurations = (
				2E50E2002047953C006EE9B3 /* Debug */,
				2E50E2012047953C006EE9B3 /* Release */,
			);
			defaultConfigurationIsVisible = 0;
			defaultConfigurationName = Release;
		};
		2E50E2022047953C006EE9B3 /* Build configuration list for PBXNativeTarget "Scheduler and Grade CalcTests" */ = {
			isa = XCConfigurationList;
			buildConfigurations = (
				2E50E2032047953C006EE9B3 /* Debug */,
				2E50E2042047953C006EE9B3 /* Release */,
			);
			defaultConfigurationIsVisible = 0;
			defaultConfigurationName = Release;
		};
/* End XCConfigurationList section */
	};
	rootObject = 2E50E1DA2047953B006EE9B3 /* Project object */;
}
